// !$*UTF8*$!
{
	archiveVersion = 1;
	classes = {
	};
	objectVersion = 50;
	objects = {

/* Begin PBXBuildFile section */
		84063C7D269079E900095425 /* UIColor+TaskColors.m in Sources */ = {isa = PBXBuildFile; fileRef = 84063C7C269079E900095425 /* UIColor+TaskColors.m */; };
		84063C882690870700095425 /* MainController.m in Sources */ = {isa = PBXBuildFile; fileRef = 84063C862690870700095425 /* MainController.m */; };
		84063C892690870700095425 /* MainController.xib in Resources */ = {isa = PBXBuildFile; fileRef = 84063C872690870700095425 /* MainController.xib */; };
		84063C8D2690B21A00095425 /* AuthorizationButton.m in Sources */ = {isa = PBXBuildFile; fileRef = 84063C8C2690B21A00095425 /* AuthorizationButton.m */; };
		84063C922690CEBA00095425 /* NumberPanel.m in Sources */ = {isa = PBXBuildFile; fileRef = 84063C912690CEBA00095425 /* NumberPanel.m */; };
		849009D7268F9E1600D1F847 /* UITextField+Customization.m in Sources */ = {isa = PBXBuildFile; fileRef = 849009D6268F9E1600D1F847 /* UITextField+Customization.m */; };
		849009DB268FA06C00D1F847 /* NumberButton.m in Sources */ = {isa = PBXBuildFile; fileRef = 849009DA268FA06C00D1F847 /* NumberButton.m */; };
		849009DF268FAC3300D1F847 /* MainPresenter.m in Sources */ = {isa = PBXBuildFile; fileRef = 849009DE268FAC3300D1F847 /* MainPresenter.m */; };
		84D78189268F9A150077E33E /* AppDelegate.m in Sources */ = {isa = PBXBuildFile; fileRef = 84D78188268F9A150077E33E /* AppDelegate.m */; };
		84D78194268F9A160077E33E /* Assets.xcassets in Resources */ = {isa = PBXBuildFile; fileRef = 84D78193268F9A160077E33E /* Assets.xcassets */; };
		84D78197268F9A160077E33E /* LaunchScreen.storyboard in Resources */ = {isa = PBXBuildFile; fileRef = 84D78195268F9A160077E33E /* LaunchScreen.storyboard */; };
		84D7819A268F9A160077E33E /* main.m in Sources */ = {isa = PBXBuildFile; fileRef = 84D78199268F9A160077E33E /* main.m */; };
/* End PBXBuildFile section */

/* Begin PBXFileReference section */
		84063C7B269079E900095425 /* UIColor+TaskColors.h */ = {isa = PBXFileReference; lastKnownFileType = sourcecode.c.h; path = "UIColor+TaskColors.h"; sourceTree = "<group>"; };
		84063C7C269079E900095425 /* UIColor+TaskColors.m */ = {isa = PBXFileReference; lastKnownFileType = sourcecode.c.objc; path = "UIColor+TaskColors.m"; sourceTree = "<group>"; };
		84063C852690870700095425 /* MainController.h */ = {isa = PBXFileReference; lastKnownFileType = sourcecode.c.h; path = MainController.h; sourceTree = "<group>"; };
		84063C862690870700095425 /* MainController.m */ = {isa = PBXFileReference; lastKnownFileType = sourcecode.c.objc; path = MainController.m; sourceTree = "<group>"; };
		84063C872690870700095425 /* MainController.xib */ = {isa = PBXFileReference; lastKnownFileType = file.xib; path = MainController.xib; sourceTree = "<group>"; };
		84063C8B2690B21A00095425 /* AuthorizationButton.h */ = {isa = PBXFileReference; lastKnownFileType = sourcecode.c.h; path = AuthorizationButton.h; sourceTree = "<group>"; };
		84063C8C2690B21A00095425 /* AuthorizationButton.m */ = {isa = PBXFileReference; lastKnownFileType = sourcecode.c.objc; path = AuthorizationButton.m; sourceTree = "<group>"; };
		84063C902690CEBA00095425 /* NumberPanel.h */ = {isa = PBXFileReference; lastKnownFileType = sourcecode.c.h; path = NumberPanel.h; sourceTree = "<group>"; };
		84063C912690CEBA00095425 /* NumberPanel.m */ = {isa = PBXFileReference; lastKnownFileType = sourcecode.c.objc; path = NumberPanel.m; sourceTree = "<group>"; };
		849009D5268F9E1600D1F847 /* UITextField+Customization.h */ = {isa = PBXFileReference; lastKnownFileType = sourcecode.c.h; path = "UITextField+Customization.h"; sourceTree = "<group>"; };
		849009D6268F9E1600D1F847 /* UITextField+Customization.m */ = {isa = PBXFileReference; lastKnownFileType = sourcecode.c.objc; path = "UITextField+Customization.m"; sourceTree = "<group>"; };
		849009D9268FA06C00D1F847 /* NumberButton.h */ = {isa = PBXFileReference; lastKnownFileType = sourcecode.c.h; path = NumberButton.h; sourceTree = "<group>"; };
		849009DA268FA06C00D1F847 /* NumberButton.m */ = {isa = PBXFileReference; lastKnownFileType = sourcecode.c.objc; path = NumberButton.m; sourceTree = "<group>"; };
		849009DD268FAC3300D1F847 /* MainPresenter.h */ = {isa = PBXFileReference; lastKnownFileType = sourcecode.c.h; path = MainPresenter.h; sourceTree = "<group>"; };
		849009DE268FAC3300D1F847 /* MainPresenter.m */ = {isa = PBXFileReference; lastKnownFileType = sourcecode.c.objc; path = MainPresenter.m; sourceTree = "<group>"; };
		849009E1268FAD9E00D1F847 /* MainView.h */ = {isa = PBXFileReference; lastKnownFileType = sourcecode.c.h; path = MainView.h; sourceTree = "<group>"; };
		84BBDEB42690ED7C0029E655 /* NumberPanelDelegate.h */ = {isa = PBXFileReference; lastKnownFileType = sourcecode.c.h; path = NumberPanelDelegate.h; sourceTree = "<group>"; };
		84D78184268F9A150077E33E /* RSTask7.app */ = {isa = PBXFileReference; explicitFileType = wrapper.application; includeInIndex = 0; path = RSTask7.app; sourceTree = BUILT_PRODUCTS_DIR; };
		84D78187268F9A150077E33E /* AppDelegate.h */ = {isa = PBXFileReference; lastKnownFileType = sourcecode.c.h; path = AppDelegate.h; sourceTree = "<group>"; };
		84D78188268F9A150077E33E /* AppDelegate.m */ = {isa = PBXFileReference; lastKnownFileType = sourcecode.c.objc; path = AppDelegate.m; sourceTree = "<group>"; };
		84D78193268F9A160077E33E /* Assets.xcassets */ = {isa = PBXFileReference; lastKnownFileType = folder.assetcatalog; path = Assets.xcassets; sourceTree = "<group>"; };
		84D78196268F9A160077E33E /* Base */ = {isa = PBXFileReference; lastKnownFileType = file.storyboard; name = Base; path = Base.lproj/LaunchScreen.storyboard; sourceTree = "<group>"; };
		84D78198268F9A160077E33E /* Info.plist */ = {isa = PBXFileReference; lastKnownFileType = text.plist.xml; path = Info.plist; sourceTree = "<group>"; };
		84D78199268F9A160077E33E /* main.m */ = {isa = PBXFileReference; lastKnownFileType = sourcecode.c.objc; path = main.m; sourceTree = "<group>"; };
/* End PBXFileReference section */

/* Begin PBXFrameworksBuildPhase section */
		84D78181268F9A140077E33E /* Frameworks */ = {
			isa = PBXFrameworksBuildPhase;
			buildActionMask = 2147483647;
			files = (
			);
			runOnlyForDeploymentPostprocessing = 0;
		};
/* End PBXFrameworksBuildPhase section */

/* Begin PBXGroup section */
		84063C752690747200095425 /* Presenter */ = {
			isa = PBXGroup;
			children = (
				849009DD268FAC3300D1F847 /* MainPresenter.h */,
				849009DE268FAC3300D1F847 /* MainPresenter.m */,
			);
			path = Presenter;
			sourceTree = "<group>";
		};
		84063C762690748700095425 /* Category */ = {
			isa = PBXGroup;
			children = (
				849009D5268F9E1600D1F847 /* UITextField+Customization.h */,
				849009D6268F9E1600D1F847 /* UITextField+Customization.m */,
				84063C7B269079E900095425 /* UIColor+TaskColors.h */,
				84063C7C269079E900095425 /* UIColor+TaskColors.m */,
			);
			path = Category;
			sourceTree = "<group>";
		};
		84063C782690789800095425 /* Protocol */ = {
			isa = PBXGroup;
			children = (
				849009E1268FAD9E00D1F847 /* MainView.h */,
				84BBDEB42690ED7C0029E655 /* NumberPanelDelegate.h */,
			);
			path = Protocol;
			sourceTree = "<group>";
		};
		84063C79269078B200095425 /* Other */ = {
			isa = PBXGroup;
			children = (
				84D78187268F9A150077E33E /* AppDelegate.h */,
				84D78188268F9A150077E33E /* AppDelegate.m */,
				84D78193268F9A160077E33E /* Assets.xcassets */,
				84D78198268F9A160077E33E /* Info.plist */,
				84D78195268F9A160077E33E /* LaunchScreen.storyboard */,
				84D78199268F9A160077E33E /* main.m */,
			);
			path = Other;
			sourceTree = "<group>";
		};
		84063C7F26907C9700095425 /* View */ = {
			isa = PBXGroup;
			children = (
				849009D9268FA06C00D1F847 /* NumberButton.h */,
				849009DA268FA06C00D1F847 /* NumberButton.m */,
				84063C8B2690B21A00095425 /* AuthorizationButton.h */,
				84063C8C2690B21A00095425 /* AuthorizationButton.m */,
				84063C902690CEBA00095425 /* NumberPanel.h */,
				84063C912690CEBA00095425 /* NumberPanel.m */,
			);
			path = View;
			sourceTree = "<group>";
		};
		84063C8026907CB100095425 /* Controller */ = {
			isa = PBXGroup;
			children = (
				84063C852690870700095425 /* MainController.h */,
				84063C862690870700095425 /* MainController.m */,
				84063C872690870700095425 /* MainController.xib */,
			);
			path = Controller;
			sourceTree = "<group>";
		};
		84D7817B268F9A140077E33E = {
			isa = PBXGroup;
			children = (
				84D78186268F9A150077E33E /* RSTask7 */,
				84D78185268F9A150077E33E /* Products */,
			);
			sourceTree = "<group>";
		};
		84D78185268F9A150077E33E /* Products */ = {
			isa = PBXGroup;
			children = (
				84D78184268F9A150077E33E /* RSTask7.app */,
			);
			name = Products;
			sourceTree = "<group>";
		};
		84D78186268F9A150077E33E /* RSTask7 */ = {
			isa = PBXGroup;
			children = (
				84063C8026907CB100095425 /* Controller */,
				84063C7F26907C9700095425 /* View */,
				84063C762690748700095425 /* Category */,
				84063C782690789800095425 /* Protocol */,
				84063C752690747200095425 /* Presenter */,
				84063C79269078B200095425 /* Other */,
			);
			path = RSTask7;
			sourceTree = "<group>";
		};
/* End PBXGroup section */

/* Begin PBXNativeTarget section */
		84D78183268F9A140077E33E /* RSTask7 */ = {
			isa = PBXNativeTarget;
			buildConfigurationList = 84D7819D268F9A160077E33E /* Build configuration list for PBXNativeTarget "RSTask7" */;
			buildPhases = (
				84D78180268F9A140077E33E /* Sources */,
				84D78181268F9A140077E33E /* Frameworks */,
				84D78182268F9A140077E33E /* Resources */,
			);
			buildRules = (
			);
			dependencies = (
			);
			name = RSTask7;
			productName = RSTask7;
			productReference = 84D78184268F9A150077E33E /* RSTask7.app */;
			productType = "com.apple.product-type.application";
		};
/* End PBXNativeTarget section */

/* Begin PBXProject section */
		84D7817C268F9A140077E33E /* Project object */ = {
			isa = PBXProject;
			attributes = {
				LastUpgradeCheck = 1240;
				TargetAttributes = {
					84D78183268F9A140077E33E = {
						CreatedOnToolsVersion = 12.4;
					};
				};
			};
			buildConfigurationList = 84D7817F268F9A140077E33E /* Build configuration list for PBXProject "RSTask7" */;
			compatibilityVersion = "Xcode 9.3";
			developmentRegion = en;
			hasScannedForEncodings = 0;
			knownRegions = (
				en,
				Base,
			);
			mainGroup = 84D7817B268F9A140077E33E;
			productRefGroup = 84D78185268F9A150077E33E /* Products */;
			projectDirPath = "";
			projectRoot = "";
			targets = (
				84D78183268F9A140077E33E /* RSTask7 */,
			);
		};
/* End PBXProject section */

/* Begin PBXResourcesBuildPhase section */
		84D78182268F9A140077E33E /* Resources */ = {
			isa = PBXResourcesBuildPhase;
			buildActionMask = 2147483647;
			files = (
				84D78197268F9A160077E33E /* LaunchScreen.storyboard in Resources */,
				84D78194268F9A160077E33E /* Assets.xcassets in Resources */,
				84063C892690870700095425 /* MainController.xib in Resources */,
			);
			runOnlyForDeploymentPostprocessing = 0;
		};
/* End PBXResourcesBuildPhase section */

/* Begin PBXSourcesBuildPhase section */
		84D78180268F9A140077E33E /* Sources */ = {
			isa = PBXSourcesBuildPhase;
			buildActionMask = 2147483647;
			files = (
				84D78189268F9A150077E33E /* AppDelegate.m in Sources */,
				849009DF268FAC3300D1F847 /* MainPresenter.m in Sources */,
				849009DB268FA06C00D1F847 /* NumberButton.m in Sources */,
				849009D7268F9E1600D1F847 /* UITextField+Customization.m in Sources */,
				84D7819A268F9A160077E33E /* main.m in Sources */,
				84063C922690CEBA00095425 /* NumberPanel.m in Sources */,
				84063C8D2690B21A00095425 /* AuthorizationButton.m in Sources */,
				84063C882690870700095425 /* MainController.m in Sources */,
				84063C7D269079E900095425 /* UIColor+TaskColors.m in Sources */,
			);
			runOnlyForDeploymentPostprocessing = 0;
		};
/* End PBXSourcesBuildPhase section */

/* Begin PBXVariantGroup section */
		84D78195268F9A160077E33E /* LaunchScreen.storyboard */ = {
			isa = PBXVariantGroup;
			children = (
				84D78196268F9A160077E33E /* Base */,
			);
			name = LaunchScreen.storyboard;
			sourceTree = "<group>";
		};
/* End PBXVariantGroup section */

/* Begin XCBuildConfiguration section */
		84D7819B268F9A160077E33E /* Debug */ = {
			isa = XCBuildConfiguration;
			buildSettings = {
				ALWAYS_SEARCH_USER_PATHS = NO;
				CLANG_ANALYZER_NONNULL = YES;
				CLANG_ANALYZER_NUMBER_OBJECT_CONVERSION = YES_AGGRESSIVE;
				CLANG_CXX_LANGUAGE_STANDARD = "gnu++14";
				CLANG_CXX_LIBRARY = "libc++";
				CLANG_ENABLE_MODULES = YES;
				CLANG_ENABLE_OBJC_ARC = YES;
				CLANG_ENABLE_OBJC_WEAK = YES;
				CLANG_WARN_BLOCK_CAPTURE_AUTORELEASING = YES;
				CLANG_WARN_BOOL_CONVERSION = YES;
				CLANG_WARN_COMMA = YES;
				CLANG_WARN_CONSTANT_CONVERSION = YES;
				CLANG_WARN_DEPRECATED_OBJC_IMPLEMENTATIONS = YES;
				CLANG_WARN_DIRECT_OBJC_ISA_USAGE = YES_ERROR;
				CLANG_WARN_DOCUMENTATION_COMMENTS = YES;
				CLANG_WARN_EMPTY_BODY = YES;
				CLANG_WARN_ENUM_CONVERSION = YES;
				CLANG_WARN_INFINITE_RECURSION = YES;
				CLANG_WARN_INT_CONVERSION = YES;
				CLANG_WARN_NON_LITERAL_NULL_CONVERSION = YES;
				CLANG_WARN_OBJC_IMPLICIT_RETAIN_SELF = YES;
				CLANG_WARN_OBJC_LITERAL_CONVERSION = YES;
				CLANG_WARN_OBJC_ROOT_CLASS = YES_ERROR;
				CLANG_WARN_QUOTED_INCLUDE_IN_FRAMEWORK_HEADER = YES;
				CLANG_WARN_RANGE_LOOP_ANALYSIS = YES;
				CLANG_WARN_STRICT_PROTOTYPES = YES;
				CLANG_WARN_SUSPICIOUS_MOVE = YES;
				CLANG_WARN_UNGUARDED_AVAILABILITY = YES_AGGRESSIVE;
				CLANG_WARN_UNREACHABLE_CODE = YES;
				CLANG_WARN__DUPLICATE_METHOD_MATCH = YES;
				COPY_PHASE_STRIP = NO;
				DEBUG_INFORMATION_FORMAT = dwarf;
				ENABLE_STRICT_OBJC_MSGSEND = YES;
				ENABLE_TESTABILITY = YES;
				GCC_C_LANGUAGE_STANDARD = gnu11;
				GCC_DYNAMIC_NO_PIC = NO;
				GCC_NO_COMMON_BLOCKS = YES;
				GCC_OPTIMIZATION_LEVEL = 0;
				GCC_PREPROCESSOR_DEFINITIONS = (
					"DEBUG=1",
					"$(inherited)",
				);
				GCC_WARN_64_TO_32_BIT_CONVERSION = YES;
				GCC_WARN_ABOUT_RETURN_TYPE = YES_ERROR;
				GCC_WARN_UNDECLARED_SELECTOR = YES;
				GCC_WARN_UNINITIALIZED_AUTOS = YES_AGGRESSIVE;
				GCC_WARN_UNUSED_FUNCTION = YES;
				GCC_WARN_UNUSED_VARIABLE = YES;
				IPHONEOS_DEPLOYMENT_TARGET = 14.4;
				MTL_ENABLE_DEBUG_INFO = INCLUDE_SOURCE;
				MTL_FAST_MATH = YES;
				ONLY_ACTIVE_ARCH = YES;
				SDKROOT = iphoneos;
			};
			name = Debug;
		};
		84D7819C268F9A160077E33E /* Release */ = {
			isa = XCBuildConfiguration;
			buildSettings = {
				ALWAYS_SEARCH_USER_PATHS = NO;
				CLANG_ANALYZER_NONNULL = YES;
				CLANG_ANALYZER_NUMBER_OBJECT_CONVERSION = YES_AGGRESSIVE;
				CLANG_CXX_LANGUAGE_STANDARD = "gnu++14";
				CLANG_CXX_LIBRARY = "libc++";
				CLANG_ENABLE_MODULES = YES;
				CLANG_ENABLE_OBJC_ARC = YES;
				CLANG_ENABLE_OBJC_WEAK = YES;
				CLANG_WARN_BLOCK_CAPTURE_AUTORELEASING = YES;
				CLANG_WARN_BOOL_CONVERSION = YES;
				CLANG_WARN_COMMA = YES;
				CLANG_WARN_CONSTANT_CONVERSION = YES;
				CLANG_WARN_DEPRECATED_OBJC_IMPLEMENTATIONS = YES;
				CLANG_WARN_DIRECT_OBJC_ISA_USAGE = YES_ERROR;
				CLANG_WARN_DOCUMENTATION_COMMENTS = YES;
				CLANG_WARN_EMPTY_BODY = YES;
				CLANG_WARN_ENUM_CONVERSION = YES;
				CLANG_WARN_INFINITE_RECURSION = YES;
				CLANG_WARN_INT_CONVERSION = YES;
				CLANG_WARN_NON_LITERAL_NULL_CONVERSION = YES;
				CLANG_WARN_OBJC_IMPLICIT_RETAIN_SELF = YES;
				CLANG_WARN_OBJC_LITERAL_CONVERSION = YES;
				CLANG_WARN_OBJC_ROOT_CLASS = YES_ERROR;
				CLANG_WARN_QUOTED_INCLUDE_IN_FRAMEWORK_HEADER = YES;
				CLANG_WARN_RANGE_LOOP_ANALYSIS = YES;
				CLANG_WARN_STRICT_PROTOTYPES = YES;
				CLANG_WARN_SUSPICIOUS_MOVE = YES;
				CLANG_WARN_UNGUARDED_AVAILABILITY = YES_AGGRESSIVE;
				CLANG_WARN_UNREACHABLE_CODE = YES;
				CLANG_WARN__DUPLICATE_METHOD_MATCH = YES;
				COPY_PHASE_STRIP = NO;
				DEBUG_INFORMATION_FORMAT = "dwarf-with-dsym";
				ENABLE_NS_ASSERTIONS = NO;
				ENABLE_STRICT_OBJC_MSGSEND = YES;
				GCC_C_LANGUAGE_STANDARD = gnu11;
				GCC_NO_COMMON_BLOCKS = YES;
				GCC_WARN_64_TO_32_BIT_CONVERSION = YES;
				GCC_WARN_ABOUT_RETURN_TYPE = YES_ERROR;
				GCC_WARN_UNDECLARED_SELECTOR = YES;
				GCC_WARN_UNINITIALIZED_AUTOS = YES_AGGRESSIVE;
				GCC_WARN_UNUSED_FUNCTION = YES;
				GCC_WARN_UNUSED_VARIABLE = YES;
				IPHONEOS_DEPLOYMENT_TARGET = 14.4;
				MTL_ENABLE_DEBUG_INFO = NO;
				MTL_FAST_MATH = YES;
				SDKROOT = iphoneos;
				VALIDATE_PRODUCT = YES;
			};
			name = Release;
		};
		84D7819E268F9A160077E33E /* Debug */ = {
			isa = XCBuildConfiguration;
			buildSettings = {
				ASSETCATALOG_COMPILER_APPICON_NAME = AppIcon;
				ASSETCATALOG_COMPILER_GLOBAL_ACCENT_COLOR_NAME = AccentColor;
				CODE_SIGN_STYLE = Automatic;
				DEVELOPMENT_TEAM = 9G6V47L895;
				INFOPLIST_FILE = RSTask7/Other/Info.plist;
				IPHONEOS_DEPLOYMENT_TARGET = 12.1;
				LD_RUNPATH_SEARCH_PATHS = (
					"$(inherited)",
					"@executable_path/Frameworks",
				);
				PRODUCT_BUNDLE_IDENTIFIER = "Ivan-Budovich.RSTask7";
				PRODUCT_NAME = "$(TARGET_NAME)";
				TARGETED_DEVICE_FAMILY = "1,2";
			};
			name = Debug;
		};
		84D7819F268F9A160077E33E /* Release */ = {
			isa = XCBuildConfiguration;
			buildSettings = {
				ASSETCATALOG_COMPILER_APPICON_NAME = AppIcon;
				ASSETCATALOG_COMPILER_GLOBAL_ACCENT_COLOR_NAME = AccentColor;
				CODE_SIGN_STYLE = Automatic;
				DEVELOPMENT_TEAM = 9G6V47L895;
				INFOPLIST_FILE = RSTask7/Other/Info.plist;
				IPHONEOS_DEPLOYMENT_TARGET = 12.1;
				LD_RUNPATH_SEARCH_PATHS = (
					"$(inherited)",
					"@executable_path/Frameworks",
				);
				PRODUCT_BUNDLE_IDENTIFIER = "Ivan-Budovich.RSTask7";
				PRODUCT_NAME = "$(TARGET_NAME)";
				TARGETED_DEVICE_FAMILY = "1,2";
			};
			name = Release;
		};
/* End XCBuildConfiguration section */

/* Begin XCConfigurationList section */
		84D7817F268F9A140077E33E /* Build configuration list for PBXProject "RSTask7" */ = {
			isa = XCConfigurationList;
			buildConfigurations = (
				84D7819B268F9A160077E33E /* Debug */,
				84D7819C268F9A160077E33E /* Release */,
			);
			defaultConfigurationIsVisible = 0;
			defaultConfigurationName = Release;
		};
		84D7819D268F9A160077E33E /* Build configuration list for PBXNativeTarget "RSTask7" */ = {
			isa = XCConfigurationList;
			buildConfigurations = (
				84D7819E268F9A160077E33E /* Debug */,
				84D7819F268F9A160077E33E /* Release */,
			);
			defaultConfigurationIsVisible = 0;
			defaultConfigurationName = Release;
		};
/* End XCConfigurationList section */
	};
	rootObject = 84D7817C268F9A140077E33E /* Project object */;
}
